
Microsoft Visual Studio Solution File, Format Version 12.00
# Visual Studio Version 16
VisualStudioVersion = 16.0.30804.86
MinimumVisualStudioVersion = 10.0.40219.1
Project("{9A19103F-16F7-4668-BE54-9A1E7A4F7556}") = "LIB.API", "LIB.API\LIB.API.csproj", "{BD767167-F652-40FD-B272-FDBDBA5A4136}"
EndProject
Project("{9A19103F-16F7-4668-BE54-9A1E7A4F7556}") = "LIB.Contracts", "LIB.Contracts\LIB.Contracts.csproj", "{FD42C0C5-0E9C-4266-B377-8C016D336D32}"
EndProject
Project("{9A19103F-16F7-4668-BE54-9A1E7A4F7556}") = "LIB.API.Tests", "LIB.API.Tests\LIB.API.Tests.csproj", "{D5AEE85B-F681-483B-8B48-6193A838102C}"
EndProject
Project("{9A19103F-16F7-4668-BE54-9A1E7A4F7556}") = "LIB.Core", "LIB.Core\LIB.Core.csproj", "{EB274860-A182-40F1-A4D1-DD1E55492A70}"
EndProject
Project("{9A19103F-16F7-4668-BE54-9A1E7A4F7556}") = "LIB.Infrastructure", "LIB.Infrastructure\LIB.Infrastructure.csproj", "{A9CFF8CD-23AC-4F9B-84B1-2B5508EEA650}"
EndProject
Project("{9A19103F-16F7-4668-BE54-9A1E7A4F7556}") = "LIB.Mapping", "LIB.Mappings\LIB.Mapping.csproj", "{3F51B844-DF7E-4AD6-B74F-FFE8AD567CBC}"
EndProject
Project("{9A19103F-16F7-4668-BE54-9A1E7A4F7556}") = "LIB.Domain", "LIB.Domain\LIB.Domain.csproj", "{A09A046A-FE09-492D-926F-09454936253C}"
EndProject
Project("{FAE04EC0-301F-11D3-BF4B-00C04F79EFBC}") = "LIB.Infrastructure.Tests", "LIB.Infrastructure.Tests\LIB.Infrastructure.Tests.csproj", "{5C67FDF5-405A-42DE-86F2-CDB6E4E96C12}"
EndProject
Global
	GlobalSection(SolutionConfigurationPlatforms) = preSolution
		Debug|Any CPU = Debug|Any CPU
		Release|Any CPU = Release|Any CPU
	EndGlobalSection
	GlobalSection(ProjectConfigurationPlatforms) = postSolution
		{BD767167-F652-40FD-B272-FDBDBA5A4136}.Debug|Any CPU.ActiveCfg = Debug|Any CPU
		{BD767167-F652-40FD-B272-FDBDBA5A4136}.Debug|Any CPU.Build.0 = Debug|Any CPU
		{BD767167-F652-40FD-B272-FDBDBA5A4136}.Release|Any CPU.ActiveCfg = Release|Any CPU
		{BD767167-F652-40FD-B272-FDBDBA5A4136}.Release|Any CPU.Build.0 = Release|Any CPU
		{FD42C0C5-0E9C-4266-B377-8C016D336D32}.Debug|Any CPU.ActiveCfg = Debug|Any CPU
		{FD42C0C5-0E9C-4266-B377-8C016D336D32}.Debug|Any CPU.Build.0 = Debug|Any CPU
		{FD42C0C5-0E9C-4266-B377-8C016D336D32}.Release|Any CPU.ActiveCfg = Release|Any CPU
		{FD42C0C5-0E9C-4266-B377-8C016D336D32}.Release|Any CPU.Build.0 = Release|Any CPU
		{D5AEE85B-F681-483B-8B48-6193A838102C}.Debug|Any CPU.ActiveCfg = Debug|Any CPU
		{D5AEE85B-F681-483B-8B48-6193A838102C}.Debug|Any CPU.Build.0 = Debug|Any CPU
		{D5AEE85B-F681-483B-8B48-6193A838102C}.Release|Any CPU.ActiveCfg = Release|Any CPU
		{D5AEE85B-F681-483B-8B48-6193A838102C}.Release|Any CPU.Build.0 = Release|Any CPU
		{EB274860-A182-40F1-A4D1-DD1E55492A70}.Debug|Any CPU.ActiveCfg = Debug|Any CPU
		{EB274860-A182-40F1-A4D1-DD1E55492A70}.Debug|Any CPU.Build.0 = Debug|Any CPU
		{EB274860-A182-40F1-A4D1-DD1E55492A70}.Release|Any CPU.ActiveCfg = Release|Any CPU
		{EB274860-A182-40F1-A4D1-DD1E55492A70}.Release|Any CPU.Build.0 = Release|Any CPU
		{A9CFF8CD-23AC-4F9B-84B1-2B5508EEA650}.Debug|Any CPU.ActiveCfg = Debug|Any CPU
		{A9CFF8CD-23AC-4F9B-84B1-2B5508EEA650}.Debug|Any CPU.Build.0 = Debug|Any CPU
		{A9CFF8CD-23AC-4F9B-84B1-2B5508EEA650}.Release|Any CPU.ActiveCfg = Release|Any CPU
		{A9CFF8CD-23AC-4F9B-84B1-2B5508EEA650}.Release|Any CPU.Build.0 = Release|Any CPU
		{3F51B844-DF7E-4AD6-B74F-FFE8AD567CBC}.Debug|Any CPU.ActiveCfg = Debug|Any CPU
		{3F51B844-DF7E-4AD6-B74F-FFE8AD567CBC}.Debug|Any CPU.Build.0 = Debug|Any CPU
		{3F51B844-DF7E-4AD6-B74F-FFE8AD567CBC}.Release|Any CPU.ActiveCfg = Release|Any CPU
		{3F51B844-DF7E-4AD6-B74F-FFE8AD567CBC}.Release|Any CPU.Build.0 = Release|Any CPU
		{A09A046A-FE09-492D-926F-09454936253C}.Debug|Any CPU.ActiveCfg = Debug|Any CPU
		{A09A046A-FE09-492D-926F-09454936253C}.Debug|Any CPU.Build.0 = Debug|Any CPU
		{A09A046A-FE09-492D-926F-09454936253C}.Release|Any CPU.ActiveCfg = Release|Any CPU
		{A09A046A-FE09-492D-926F-09454936253C}.Release|Any CPU.Build.0 = Release|Any CPU
		{5C67FDF5-405A-42DE-86F2-CDB6E4E96C12}.Debug|Any CPU.ActiveCfg = Debug|Any CPU
		{5C67FDF5-405A-42DE-86F2-CDB6E4E96C12}.Debug|Any CPU.Build.0 = Debug|Any CPU
		{5C67FDF5-405A-42DE-86F2-CDB6E4E96C12}.Release|Any CPU.ActiveCfg = Release|Any CPU
		{5C67FDF5-405A-42DE-86F2-CDB6E4E96C12}.Release|Any CPU.Build.0 = Release|Any CPU
	EndGlobalSection
	GlobalSection(SolutionProperties) = preSolution
		HideSolutionNode = FALSE
	EndGlobalSection
	GlobalSection(ExtensibilityGlobals) = postSolution
		SolutionGuid = {49556F05-A176-45A6-AA5F-D2E7E58314F6}
	EndGlobalSection
EndGlobal
